
Microsoft Visual Studio Solution File, Format Version 12.00
# Visual Studio Version 16
VisualStudioVersion = 16.0.30611.23
MinimumVisualStudioVersion = 10.0.40219.1
Project("{FAE04EC0-301F-11D3-BF4B-00C04F79EFBC}") = "Wk5GraphsTaskA", "Wk5GraphsTaskA.csproj", "{B8ADD288-272D-4B81-BBDA-67D52899ECBA}"
EndProject
Global
	GlobalSection(SolutionConfigurationPlatforms) = preSolution
		Debug|Any CPU = Debug|Any CPU
		Release|Any CPU = Release|Any CPU
	EndGlobalSection
	GlobalSection(ProjectConfigurationPlatforms) = postSolution
		{B8ADD288-272D-4B81-BBDA-67D52899ECBA}.Debug|Any CPU.ActiveCfg = Debug|Any CPU
		{B8ADD288-272D-4B81-BBDA-67D52899ECBA}.Debug|Any CPU.Build.0 = Debug|Any CPU
		{B8ADD288-272D-4B81-BBDA-67D52899ECBA}.Release|Any CPU.ActiveCfg = Release|Any CPU
		{B8ADD288-272D-4B81-BBDA-67D52899ECBA}.Release|Any CPU.Build.0 = Release|Any CPU
	EndGlobalSection
	GlobalSection(SolutionProperties) = preSolution
		HideSolutionNode = FALSE
	EndGlobalSection
	GlobalSection(ExtensibilityGlobals) = postSolution
		SolutionGuid = {2685CB24-1F0C-41E4-9CE8-BD8A4CD1BAB3}
	EndGlobalSection
EndGlobal
