
Microsoft Visual Studio Solution File, Format Version 12.00
# Visual Studio Version 16
VisualStudioVersion = 16.0.30503.244
MinimumVisualStudioVersion = 10.0.40219.1
Project("{FAE04EC0-301F-11D3-BF4B-00C04F79EFBC}") = "Wk3AVL_Trees", "Wk3AVL_Trees.csproj", "{450F80F8-BBD7-472F-AB64-6525F5A1164B}"
EndProject
Global
	GlobalSection(SolutionConfigurationPlatforms) = preSolution
		Debug|Any CPU = Debug|Any CPU
		Release|Any CPU = Release|Any CPU
	EndGlobalSection
	GlobalSection(ProjectConfigurationPlatforms) = postSolution
		{450F80F8-BBD7-472F-AB64-6525F5A1164B}.Debug|Any CPU.ActiveCfg = Debug|Any CPU
		{450F80F8-BBD7-472F-AB64-6525F5A1164B}.Debug|Any CPU.Build.0 = Debug|Any CPU
		{450F80F8-BBD7-472F-AB64-6525F5A1164B}.Release|Any CPU.ActiveCfg = Release|Any CPU
		{450F80F8-BBD7-472F-AB64-6525F5A1164B}.Release|Any CPU.Build.0 = Release|Any CPU
	EndGlobalSection
	GlobalSection(SolutionProperties) = preSolution
		HideSolutionNode = FALSE
	EndGlobalSection
	GlobalSection(ExtensibilityGlobals) = postSolution
		SolutionGuid = {2CADC4E8-57CE-4A34-B07E-4EC6CFC260E6}
	EndGlobalSection
EndGlobal
